
Microsoft Visual Studio Solution File, Format Version 12.00
# Visual Studio Version 17
VisualStudioVersion = 17.4.33213.308
MinimumVisualStudioVersion = 10.0.40219.1
Project("{FAE04EC0-301F-11D3-BF4B-00C04F79EFBC}") = "gitgyak-csharp", "gitgyak-csharp\gitgyak-csharp.csproj", "{BC10A7FC-5453-4A47-8471-F65EBD2F35BD}"
EndProject
Global
	GlobalSection(SolutionConfigurationPlatforms) = preSolution
		Debug|Any CPU = Debug|Any CPU
		Release|Any CPU = Release|Any CPU
	EndGlobalSection
	GlobalSection(ProjectConfigurationPlatforms) = postSolution
		{BC10A7FC-5453-4A47-8471-F65EBD2F35BD}.Debug|Any CPU.ActiveCfg = Debug|Any CPU
		{BC10A7FC-5453-4A47-8471-F65EBD2F35BD}.Debug|Any CPU.Build.0 = Debug|Any CPU
		{BC10A7FC-5453-4A47-8471-F65EBD2F35BD}.Release|Any CPU.ActiveCfg = Release|Any CPU
		{BC10A7FC-5453-4A47-8471-F65EBD2F35BD}.Release|Any CPU.Build.0 = Release|Any CPU
	EndGlobalSection
	GlobalSection(SolutionProperties) = preSolution
		HideSolutionNode = FALSE
	EndGlobalSection
	GlobalSection(ExtensibilityGlobals) = postSolution
		SolutionGuid = {F7E9F1C5-EE54-4B4B-969F-D942798624D4}
	EndGlobalSection
EndGlobal
